
Microsoft Visual Studio Solution File, Format Version 12.00
# Visual Studio Version 17
VisualStudioVersion = 17.2.32630.192
MinimumVisualStudioVersion = 10.0.40219.1
Project("{FAE04EC0-301F-11D3-BF4B-00C04F79EFBC}") = "El_Raton_Quesero", "El_Raton_Quesero\El_Raton_Quesero.csproj", "{E7046BE0-A5FE-4188-B683-4FF3C4146F07}"
EndProject
Global
	GlobalSection(SolutionConfigurationPlatforms) = preSolution
		Debug|Any CPU = Debug|Any CPU
		Release|Any CPU = Release|Any CPU
	EndGlobalSection
	GlobalSection(ProjectConfigurationPlatforms) = postSolution
		{E7046BE0-A5FE-4188-B683-4FF3C4146F07}.Debug|Any CPU.ActiveCfg = Debug|Any CPU
		{E7046BE0-A5FE-4188-B683-4FF3C4146F07}.Debug|Any CPU.Build.0 = Debug|Any CPU
		{E7046BE0-A5FE-4188-B683-4FF3C4146F07}.Release|Any CPU.ActiveCfg = Release|Any CPU
		{E7046BE0-A5FE-4188-B683-4FF3C4146F07}.Release|Any CPU.Build.0 = Release|Any CPU
	EndGlobalSection
	GlobalSection(SolutionProperties) = preSolution
		HideSolutionNode = FALSE
	EndGlobalSection
	GlobalSection(ExtensibilityGlobals) = postSolution
		SolutionGuid = {F6FF6F74-6E1A-4768-8722-BF90705B8551}
	EndGlobalSection
EndGlobal
